// !$*UTF8*$!
{
	archiveVersion = 1;
	classes = {
	};
	objectVersion = 50;
	objects = {

/* Begin PBXBuildFile section */
		AE48D46E2583768200849002 /* AppDelegate.swift in Sources */ = {isa = PBXBuildFile; fileRef = AE48D46D2583768200849002 /* AppDelegate.swift */; };
		AE48D4722583768200849002 /* HomeViewController.swift in Sources */ = {isa = PBXBuildFile; fileRef = AE48D4712583768200849002 /* HomeViewController.swift */; };
		AE48D4752583768200849002 /* Main.storyboard in Resources */ = {isa = PBXBuildFile; fileRef = AE48D4732583768200849002 /* Main.storyboard */; };
		AE48D4772583768400849002 /* Assets.xcassets in Resources */ = {isa = PBXBuildFile; fileRef = AE48D4762583768400849002 /* Assets.xcassets */; };
		AE48D47A2583768400849002 /* LaunchScreen.storyboard in Resources */ = {isa = PBXBuildFile; fileRef = AE48D4782583768400849002 /* LaunchScreen.storyboard */; };
		AE48D4852583768400849002 /* Flickr_DemoTests.swift in Sources */ = {isa = PBXBuildFile; fileRef = AE48D4842583768400849002 /* Flickr_DemoTests.swift */; };
		AE48D49525837A3F00849002 /* HomeViewRouter.swift in Sources */ = {isa = PBXBuildFile; fileRef = AE48D49425837A3F00849002 /* HomeViewRouter.swift */; };
		AE48D49825837AAE00849002 /* HomeViewProtocol.swift in Sources */ = {isa = PBXBuildFile; fileRef = AE48D49725837AAE00849002 /* HomeViewProtocol.swift */; };
		AE48D49A25837ADF00849002 /* HomeImagesDataModel.swift in Sources */ = {isa = PBXBuildFile; fileRef = AE48D49925837ADF00849002 /* HomeImagesDataModel.swift */; };
		AE48D49C25837B3500849002 /* HomeInteractor.swift in Sources */ = {isa = PBXBuildFile; fileRef = AE48D49B25837B3500849002 /* HomeInteractor.swift */; };
		AE48D49E25837B5A00849002 /* HomePresenter.swift in Sources */ = {isa = PBXBuildFile; fileRef = AE48D49D25837B5A00849002 /* HomePresenter.swift */; };
		AE48D4A12583855D00849002 /* HomeImagesCollectionViewCell.swift in Sources */ = {isa = PBXBuildFile; fileRef = AE48D49F2583855D00849002 /* HomeImagesCollectionViewCell.swift */; };
		AE48D4A22583855D00849002 /* HomeImagesCollectionViewCell.xib in Resources */ = {isa = PBXBuildFile; fileRef = AE48D4A02583855D00849002 /* HomeImagesCollectionViewCell.xib */; };
		B8828A382B723FF8FE3397DD /* Pods_Flickr_Demo.framework in Frameworks */ = {isa = PBXBuildFile; fileRef = 11FB2975FCAAECE1CCCDED04 /* Pods_Flickr_Demo.framework */; };
		DF6896672DAE0C0F618EB5F3 /* Pods_Flickr_DemoTests.framework in Frameworks */ = {isa = PBXBuildFile; fileRef = 2A5F9A4EE5DE1F23C2C702D9 /* Pods_Flickr_DemoTests.framework */; };
/* End PBXBuildFile section */

/* Begin PBXContainerItemProxy section */
		AE48D4812583768400849002 /* PBXContainerItemProxy */ = {
			isa = PBXContainerItemProxy;
			containerPortal = AE48D4622583768200849002 /* Project object */;
			proxyType = 1;
			remoteGlobalIDString = AE48D4692583768200849002;
			remoteInfo = "Flickr Demo";
		};
/* End PBXContainerItemProxy section */

/* Begin PBXFileReference section */
		11FB2975FCAAECE1CCCDED04 /* Pods_Flickr_Demo.framework */ = {isa = PBXFileReference; explicitFileType = wrapper.framework; includeInIndex = 0; path = Pods_Flickr_Demo.framework; sourceTree = BUILT_PRODUCTS_DIR; };
		2A5F9A4EE5DE1F23C2C702D9 /* Pods_Flickr_DemoTests.framework */ = {isa = PBXFileReference; explicitFileType = wrapper.framework; includeInIndex = 0; path = Pods_Flickr_DemoTests.framework; sourceTree = BUILT_PRODUCTS_DIR; };
		3E45A97B9EA505D91DE568AB /* Pods-Flickr DemoTests.debug.xcconfig */ = {isa = PBXFileReference; includeInIndex = 1; lastKnownFileType = text.xcconfig; name = "Pods-Flickr DemoTests.debug.xcconfig"; path = "Target Support Files/Pods-Flickr DemoTests/Pods-Flickr DemoTests.debug.xcconfig"; sourceTree = "<group>"; };
		48282C273A5A610E0D9CC6B9 /* Pods-Flickr Demo.release.xcconfig */ = {isa = PBXFileReference; includeInIndex = 1; lastKnownFileType = text.xcconfig; name = "Pods-Flickr Demo.release.xcconfig"; path = "Target Support Files/Pods-Flickr Demo/Pods-Flickr Demo.release.xcconfig"; sourceTree = "<group>"; };
		A2BDB9D13003257D8286DAA2 /* Pods-Flickr Demo.debug.xcconfig */ = {isa = PBXFileReference; includeInIndex = 1; lastKnownFileType = text.xcconfig; name = "Pods-Flickr Demo.debug.xcconfig"; path = "Target Support Files/Pods-Flickr Demo/Pods-Flickr Demo.debug.xcconfig"; sourceTree = "<group>"; };
		AE48D46A2583768200849002 /* Flickr Demo.app */ = {isa = PBXFileReference; explicitFileType = wrapper.application; includeInIndex = 0; path = "Flickr Demo.app"; sourceTree = BUILT_PRODUCTS_DIR; };
		AE48D46D2583768200849002 /* AppDelegate.swift */ = {isa = PBXFileReference; lastKnownFileType = sourcecode.swift; path = AppDelegate.swift; sourceTree = "<group>"; };
		AE48D4712583768200849002 /* HomeViewController.swift */ = {isa = PBXFileReference; lastKnownFileType = sourcecode.swift; path = HomeViewController.swift; sourceTree = "<group>"; };
		AE48D4742583768200849002 /* Base */ = {isa = PBXFileReference; lastKnownFileType = file.storyboard; name = Base; path = Base.lproj/Main.storyboard; sourceTree = "<group>"; };
		AE48D4762583768400849002 /* Assets.xcassets */ = {isa = PBXFileReference; lastKnownFileType = folder.assetcatalog; path = Assets.xcassets; sourceTree = "<group>"; };
		AE48D4792583768400849002 /* Base */ = {isa = PBXFileReference; lastKnownFileType = file.storyboard; name = Base; path = Base.lproj/LaunchScreen.storyboard; sourceTree = "<group>"; };
		AE48D47B2583768400849002 /* Info.plist */ = {isa = PBXFileReference; lastKnownFileType = text.plist.xml; path = Info.plist; sourceTree = "<group>"; };
		AE48D4802583768400849002 /* Flickr DemoTests.xctest */ = {isa = PBXFileReference; explicitFileType = wrapper.cfbundle; includeInIndex = 0; path = "Flickr DemoTests.xctest"; sourceTree = BUILT_PRODUCTS_DIR; };
		AE48D4842583768400849002 /* Flickr_DemoTests.swift */ = {isa = PBXFileReference; lastKnownFileType = sourcecode.swift; path = Flickr_DemoTests.swift; sourceTree = "<group>"; };
		AE48D4862583768400849002 /* Info.plist */ = {isa = PBXFileReference; lastKnownFileType = text.plist.xml; path = Info.plist; sourceTree = "<group>"; };
		AE48D49425837A3F00849002 /* HomeViewRouter.swift */ = {isa = PBXFileReference; lastKnownFileType = sourcecode.swift; path = HomeViewRouter.swift; sourceTree = "<group>"; };
		AE48D49725837AAE00849002 /* HomeViewProtocol.swift */ = {isa = PBXFileReference; lastKnownFileType = sourcecode.swift; path = HomeViewProtocol.swift; sourceTree = "<group>"; };
		AE48D49925837ADF00849002 /* HomeImagesDataModel.swift */ = {isa = PBXFileReference; lastKnownFileType = sourcecode.swift; path = HomeImagesDataModel.swift; sourceTree = "<group>"; };
		AE48D49B25837B3500849002 /* HomeInteractor.swift */ = {isa = PBXFileReference; lastKnownFileType = sourcecode.swift; path = HomeInteractor.swift; sourceTree = "<group>"; };
		AE48D49D25837B5A00849002 /* HomePresenter.swift */ = {isa = PBXFileReference; lastKnownFileType = sourcecode.swift; path = HomePresenter.swift; sourceTree = "<group>"; };
		AE48D49F2583855D00849002 /* HomeImagesCollectionViewCell.swift */ = {isa = PBXFileReference; lastKnownFileType = sourcecode.swift; path = HomeImagesCollectionViewCell.swift; sourceTree = "<group>"; };
		AE48D4A02583855D00849002 /* HomeImagesCollectionViewCell.xib */ = {isa = PBXFileReference; lastKnownFileType = file.xib; path = HomeImagesCollectionViewCell.xib; sourceTree = "<group>"; };
		D27EA391B841286C8B30D9CF /* Pods-Flickr DemoTests.release.xcconfig */ = {isa = PBXFileReference; includeInIndex = 1; lastKnownFileType = text.xcconfig; name = "Pods-Flickr DemoTests.release.xcconfig"; path = "Target Support Files/Pods-Flickr DemoTests/Pods-Flickr DemoTests.release.xcconfig"; sourceTree = "<group>"; };
/* End PBXFileReference section */

/* Begin PBXFrameworksBuildPhase section */
		AE48D4672583768200849002 /* Frameworks */ = {
			isa = PBXFrameworksBuildPhase;
			buildActionMask = 2147483647;
			files = (
				B8828A382B723FF8FE3397DD /* Pods_Flickr_Demo.framework in Frameworks */,
			);
			runOnlyForDeploymentPostprocessing = 0;
		};
		AE48D47D2583768400849002 /* Frameworks */ = {
			isa = PBXFrameworksBuildPhase;
			buildActionMask = 2147483647;
			files = (
				DF6896672DAE0C0F618EB5F3 /* Pods_Flickr_DemoTests.framework in Frameworks */,
			);
			runOnlyForDeploymentPostprocessing = 0;
		};
/* End PBXFrameworksBuildPhase section */

/* Begin PBXGroup section */
		AE48D4612583768200849002 = {
			isa = PBXGroup;
			children = (
				AE48D46C2583768200849002 /* Flickr Demo */,
				AE48D4832583768400849002 /* Flickr DemoTests */,
				AE48D46B2583768200849002 /* Products */,
				F8A3667A04503308C93B63B5 /* Pods */,
				E8DD4F397B706ACDA21CF2C1 /* Frameworks */,
			);
			sourceTree = "<group>";
		};
		AE48D46B2583768200849002 /* Products */ = {
			isa = PBXGroup;
			children = (
				AE48D46A2583768200849002 /* Flickr Demo.app */,
				AE48D4802583768400849002 /* Flickr DemoTests.xctest */,
			);
			name = Products;
			sourceTree = "<group>";
		};
		AE48D46C2583768200849002 /* Flickr Demo */ = {
			isa = PBXGroup;
			children = (
				AE48D46D2583768200849002 /* AppDelegate.swift */,
				AE48D49625837A7600849002 /* Protocols */,
				AE48D492258379C700849002 /* View */,
				AE48D490258379C200849002 /* Interactor */,
				AE48D491258379C500849002 /* Presenter */,
				AE48D493258379CA00849002 /* Entity */,
				AE48D48F258379BC00849002 /* Router */,
				AE48D4732583768200849002 /* Main.storyboard */,
				AE48D4762583768400849002 /* Assets.xcassets */,
				AE48D4782583768400849002 /* LaunchScreen.storyboard */,
				AE48D47B2583768400849002 /* Info.plist */,
			);
			path = "Flickr Demo";
			sourceTree = "<group>";
		};
		AE48D4832583768400849002 /* Flickr DemoTests */ = {
			isa = PBXGroup;
			children = (
				AE48D4842583768400849002 /* Flickr_DemoTests.swift */,
				AE48D4862583768400849002 /* Info.plist */,
			);
			path = "Flickr DemoTests";
			sourceTree = "<group>";
		};
		AE48D48F258379BC00849002 /* Router */ = {
			isa = PBXGroup;
			children = (
				AE48D49425837A3F00849002 /* HomeViewRouter.swift */,
			);
			path = Router;
			sourceTree = "<group>";
		};
		AE48D490258379C200849002 /* Interactor */ = {
			isa = PBXGroup;
			children = (
				AE48D49B25837B3500849002 /* HomeInteractor.swift */,
			);
			path = Interactor;
			sourceTree = "<group>";
		};
		AE48D491258379C500849002 /* Presenter */ = {
			isa = PBXGroup;
			children = (
				AE48D49D25837B5A00849002 /* HomePresenter.swift */,
			);
			path = Presenter;
			sourceTree = "<group>";
		};
		AE48D492258379C700849002 /* View */ = {
			isa = PBXGroup;
			children = (
				AE48D4712583768200849002 /* HomeViewController.swift */,
				AE48D49F2583855D00849002 /* HomeImagesCollectionViewCell.swift */,
				AE48D4A02583855D00849002 /* HomeImagesCollectionViewCell.xib */,
			);
			path = View;
			sourceTree = "<group>";
		};
		AE48D493258379CA00849002 /* Entity */ = {
			isa = PBXGroup;
			children = (
				AE48D49925837ADF00849002 /* HomeImagesDataModel.swift */,
			);
			path = Entity;
			sourceTree = "<group>";
		};
		AE48D49625837A7600849002 /* Protocols */ = {
			isa = PBXGroup;
			children = (
				AE48D49725837AAE00849002 /* HomeViewProtocol.swift */,
			);
			path = Protocols;
			sourceTree = "<group>";
		};
		E8DD4F397B706ACDA21CF2C1 /* Frameworks */ = {
			isa = PBXGroup;
			children = (
				11FB2975FCAAECE1CCCDED04 /* Pods_Flickr_Demo.framework */,
				2A5F9A4EE5DE1F23C2C702D9 /* Pods_Flickr_DemoTests.framework */,
			);
			name = Frameworks;
			sourceTree = "<group>";
		};
		F8A3667A04503308C93B63B5 /* Pods */ = {
			isa = PBXGroup;
			children = (
				A2BDB9D13003257D8286DAA2 /* Pods-Flickr Demo.debug.xcconfig */,
				48282C273A5A610E0D9CC6B9 /* Pods-Flickr Demo.release.xcconfig */,
				3E45A97B9EA505D91DE568AB /* Pods-Flickr DemoTests.debug.xcconfig */,
				D27EA391B841286C8B30D9CF /* Pods-Flickr DemoTests.release.xcconfig */,
			);
			name = Pods;
			path = Pods;
			sourceTree = "<group>";
		};
/* End PBXGroup section */

/* Begin PBXNativeTarget section */
		AE48D4692583768200849002 /* Flickr Demo */ = {
			isa = PBXNativeTarget;
			buildConfigurationList = AE48D4892583768400849002 /* Build configuration list for PBXNativeTarget "Flickr Demo" */;
			buildPhases = (
				5773E367A4C67A72177E506B /* [CP] Check Pods Manifest.lock */,
				AE48D4662583768200849002 /* Sources */,
				AE48D4672583768200849002 /* Frameworks */,
				AE48D4682583768200849002 /* Resources */,
				1D7CD0D8E8D3AE19F9746FB0 /* [CP] Embed Pods Frameworks */,
			);
			buildRules = (
			);
			dependencies = (
			);
			name = "Flickr Demo";
			productName = "Flickr Demo";
			productReference = AE48D46A2583768200849002 /* Flickr Demo.app */;
			productType = "com.apple.product-type.application";
		};
		AE48D47F2583768400849002 /* Flickr DemoTests */ = {
			isa = PBXNativeTarget;
			buildConfigurationList = AE48D48C2583768400849002 /* Build configuration list for PBXNativeTarget "Flickr DemoTests" */;
			buildPhases = (
				B0D04E3EB30B3E19EFF38202 /* [CP] Check Pods Manifest.lock */,
				AE48D47C2583768400849002 /* Sources */,
				AE48D47D2583768400849002 /* Frameworks */,
				AE48D47E2583768400849002 /* Resources */,
			);
			buildRules = (
			);
			dependencies = (
				AE48D4822583768400849002 /* PBXTargetDependency */,
			);
			name = "Flickr DemoTests";
			productName = "Flickr DemoTests";
			productReference = AE48D4802583768400849002 /* Flickr DemoTests.xctest */;
			productType = "com.apple.product-type.bundle.unit-test";
		};
/* End PBXNativeTarget section */

/* Begin PBXProject section */
		AE48D4622583768200849002 /* Project object */ = {
			isa = PBXProject;
			attributes = {
				LastSwiftUpdateCheck = 1160;
				LastUpgradeCheck = 1160;
				ORGANIZATIONNAME = "Tristate Technology";
				TargetAttributes = {
					AE48D4692583768200849002 = {
						CreatedOnToolsVersion = 11.6;
					};
					AE48D47F2583768400849002 = {
						CreatedOnToolsVersion = 11.6;
						TestTargetID = AE48D4692583768200849002;
					};
				};
			};
			buildConfigurationList = AE48D4652583768200849002 /* Build configuration list for PBXProject "Flickr Demo" */;
			compatibilityVersion = "Xcode 9.3";
			developmentRegion = en;
			hasScannedForEncodings = 0;
			knownRegions = (
				en,
				Base,
			);
			mainGroup = AE48D4612583768200849002;
			productRefGroup = AE48D46B2583768200849002 /* Products */;
			projectDirPath = "";
			projectRoot = "";
			targets = (
				AE48D4692583768200849002 /* Flickr Demo */,
				AE48D47F2583768400849002 /* Flickr DemoTests */,
			);
		};
/* End PBXProject section */

/* Begin PBXResourcesBuildPhase section */
		AE48D4682583768200849002 /* Resources */ = {
			isa = PBXResourcesBuildPhase;
			buildActionMask = 2147483647;
			files = (
				AE48D47A2583768400849002 /* LaunchScreen.storyboard in Resources */,
				AE48D4772583768400849002 /* Assets.xcassets in Resources */,
				AE48D4A22583855D00849002 /* HomeImagesCollectionViewCell.xib in Resources */,
				AE48D4752583768200849002 /* Main.storyboard in Resources */,
			);
			runOnlyForDeploymentPostprocessing = 0;
		};
		AE48D47E2583768400849002 /* Resources */ = {
			isa = PBXResourcesBuildPhase;
			buildActionMask = 2147483647;
			files = (
			);
			runOnlyForDeploymentPostprocessing = 0;
		};
/* End PBXResourcesBuildPhase section */

/* Begin PBXShellScriptBuildPhase section */
		1D7CD0D8E8D3AE19F9746FB0 /* [CP] Embed Pods Frameworks */ = {
			isa = PBXShellScriptBuildPhase;
			buildActionMask = 2147483647;
			files = (
			);
			inputFileListPaths = (
				"${PODS_ROOT}/Target Support Files/Pods-Flickr Demo/Pods-Flickr Demo-frameworks-${CONFIGURATION}-input-files.xcfilelist",
			);
			name = "[CP] Embed Pods Frameworks";
			outputFileListPaths = (
				"${PODS_ROOT}/Target Support Files/Pods-Flickr Demo/Pods-Flickr Demo-frameworks-${CONFIGURATION}-output-files.xcfilelist",
			);
			runOnlyForDeploymentPostprocessing = 0;
			shellPath = /bin/sh;
			shellScript = "\"${PODS_ROOT}/Target Support Files/Pods-Flickr Demo/Pods-Flickr Demo-frameworks.sh\"\n";
			showEnvVarsInLog = 0;
		};
		5773E367A4C67A72177E506B /* [CP] Check Pods Manifest.lock */ = {
			isa = PBXShellScriptBuildPhase;
			buildActionMask = 2147483647;
			files = (
			);
			inputFileListPaths = (
			);
			inputPaths = (
				"${PODS_PODFILE_DIR_PATH}/Podfile.lock",
				"${PODS_ROOT}/Manifest.lock",
			);
			name = "[CP] Check Pods Manifest.lock";
			outputFileListPaths = (
			);
			outputPaths = (
				"$(DERIVED_FILE_DIR)/Pods-Flickr Demo-checkManifestLockResult.txt",
			);
			runOnlyForDeploymentPostprocessing = 0;
			shellPath = /bin/sh;
			shellScript = "diff \"${PODS_PODFILE_DIR_PATH}/Podfile.lock\" \"${PODS_ROOT}/Manifest.lock\" > /dev/null\nif [ $? != 0 ] ; then\n    # print error to STDERR\n    echo \"error: The sandbox is not in sync with the Podfile.lock. Run 'pod install' or update your CocoaPods installation.\" >&2\n    exit 1\nfi\n# This output is used by Xcode 'outputs' to avoid re-running this script phase.\necho \"SUCCESS\" > \"${SCRIPT_OUTPUT_FILE_0}\"\n";
			showEnvVarsInLog = 0;
		};
		B0D04E3EB30B3E19EFF38202 /* [CP] Check Pods Manifest.lock */ = {
			isa = PBXShellScriptBuildPhase;
			buildActionMask = 2147483647;
			files = (
			);
			inputFileListPaths = (
			);
			inputPaths = (
				"${PODS_PODFILE_DIR_PATH}/Podfile.lock",
				"${PODS_ROOT}/Manifest.lock",
			);
			name = "[CP] Check Pods Manifest.lock";
			outputFileListPaths = (
			);
			outputPaths = (
				"$(DERIVED_FILE_DIR)/Pods-Flickr DemoTests-checkManifestLockResult.txt",
			);
			runOnlyForDeploymentPostprocessing = 0;
			shellPath = /bin/sh;
			shellScript = "diff \"${PODS_PODFILE_DIR_PATH}/Podfile.lock\" \"${PODS_ROOT}/Manifest.lock\" > /dev/null\nif [ $? != 0 ] ; then\n    # print error to STDERR\n    echo \"error: The sandbox is not in sync with the Podfile.lock. Run 'pod install' or update your CocoaPods installation.\" >&2\n    exit 1\nfi\n# This output is used by Xcode 'outputs' to avoid re-running this script phase.\necho \"SUCCESS\" > \"${SCRIPT_OUTPUT_FILE_0}\"\n";
			showEnvVarsInLog = 0;
		};
/* End PBXShellScriptBuildPhase section */

/* Begin PBXSourcesBuildPhase section */
		AE48D4662583768200849002 /* Sources */ = {
			isa = PBXSourcesBuildPhase;
			buildActionMask = 2147483647;
			files = (
				AE48D49E25837B5A00849002 /* HomePresenter.swift in Sources */,
				AE48D4722583768200849002 /* HomeViewController.swift in Sources */,
				AE48D49A25837ADF00849002 /* HomeImagesDataModel.swift in Sources */,
				AE48D46E2583768200849002 /* AppDelegate.swift in Sources */,
				AE48D49C25837B3500849002 /* HomeInteractor.swift in Sources */,
				AE48D49525837A3F00849002 /* HomeViewRouter.swift in Sources */,
				AE48D49825837AAE00849002 /* HomeViewProtocol.swift in Sources */,
				AE48D4A12583855D00849002 /* HomeImagesCollectionViewCell.swift in Sources */,
			);
			runOnlyForDeploymentPostprocessing = 0;
		};
		AE48D47C2583768400849002 /* Sources */ = {
			isa = PBXSourcesBuildPhase;
			buildActionMask = 2147483647;
			files = (
				AE48D4852583768400849002 /* Flickr_DemoTests.swift in Sources */,
			);
			runOnlyForDeploymentPostprocessing = 0;
		};
/* End PBXSourcesBuildPhase section */

/* Begin PBXTargetDependency section */
		AE48D4822583768400849002 /* PBXTargetDependency */ = {
			isa = PBXTargetDependency;
			target = AE48D4692583768200849002 /* Flickr Demo */;
			targetProxy = AE48D4812583768400849002 /* PBXContainerItemProxy */;
		};
/* End PBXTargetDependency section */

/* Begin PBXVariantGroup section */
		AE48D4732583768200849002 /* Main.storyboard */ = {
			isa = PBXVariantGroup;
			children = (
				AE48D4742583768200849002 /* Base */,
			);
			name = Main.storyboard;
			sourceTree = "<group>";
		};
		AE48D4782583768400849002 /* LaunchScreen.storyboard */ = {
			isa = PBXVariantGroup;
			children = (
				AE48D4792583768400849002 /* Base */,
			);
			name = LaunchScreen.storyboard;
			sourceTree = "<group>";
		};
/* End PBXVariantGroup section */

/* Begin XCBuildConfiguration section */
		AE48D4872583768400849002 /* Debug */ = {
			isa = XCBuildConfiguration;
			buildSettings = {
				ALWAYS_SEARCH_USER_PATHS = NO;
				CLANG_ANALYZER_NONNULL = YES;
				CLANG_ANALYZER_NUMBER_OBJECT_CONVERSION = YES_AGGRESSIVE;
				CLANG_CXX_LANGUAGE_STANDARD = "gnu++14";
				CLANG_CXX_LIBRARY = "libc++";
				CLANG_ENABLE_MODULES = YES;
				CLANG_ENABLE_OBJC_ARC = YES;
				CLANG_ENABLE_OBJC_WEAK = YES;
				CLANG_WARN_BLOCK_CAPTURE_AUTORELEASING = YES;
				CLANG_WARN_BOOL_CONVERSION = YES;
				CLANG_WARN_COMMA = YES;
				CLANG_WARN_CONSTANT_CONVERSION = YES;
				CLANG_WARN_DEPRECATED_OBJC_IMPLEMENTATIONS = YES;
				CLANG_WARN_DIRECT_OBJC_ISA_USAGE = YES_ERROR;
				CLANG_WARN_DOCUMENTATION_COMMENTS = YES;
				CLANG_WARN_EMPTY_BODY = YES;
				CLANG_WARN_ENUM_CONVERSION = YES;
				CLANG_WARN_INFINITE_RECURSION = YES;
				CLANG_WARN_INT_CONVERSION = YES;
				CLANG_WARN_NON_LITERAL_NULL_CONVERSION = YES;
				CLANG_WARN_OBJC_IMPLICIT_RETAIN_SELF = YES;
				CLANG_WARN_OBJC_LITERAL_CONVERSION = YES;
				CLANG_WARN_OBJC_ROOT_CLASS = YES_ERROR;
				CLANG_WARN_RANGE_LOOP_ANALYSIS = YES;
				CLANG_WARN_STRICT_PROTOTYPES = YES;
				CLANG_WARN_SUSPICIOUS_MOVE = YES;
				CLANG_WARN_UNGUARDED_AVAILABILITY = YES_AGGRESSIVE;
				CLANG_WARN_UNREACHABLE_CODE = YES;
				CLANG_WARN__DUPLICATE_METHOD_MATCH = YES;
				COPY_PHASE_STRIP = NO;
				DEBUG_INFORMATION_FORMAT = dwarf;
				ENABLE_STRICT_OBJC_MSGSEND = YES;
				ENABLE_TESTABILITY = YES;
				GCC_C_LANGUAGE_STANDARD = gnu11;
				GCC_DYNAMIC_NO_PIC = NO;
				GCC_NO_COMMON_BLOCKS = YES;
				GCC_OPTIMIZATION_LEVEL = 0;
				GCC_PREPROCESSOR_DEFINITIONS = (
					"DEBUG=1",
					"$(inherited)",
				);
				GCC_WARN_64_TO_32_BIT_CONVERSION = YES;
				GCC_WARN_ABOUT_RETURN_TYPE = YES_ERROR;
				GCC_WARN_UNDECLARED_SELECTOR = YES;
				GCC_WARN_UNINITIALIZED_AUTOS = YES_AGGRESSIVE;
				GCC_WARN_UNUSED_FUNCTION = YES;
				GCC_WARN_UNUSED_VARIABLE = YES;
				IPHONEOS_DEPLOYMENT_TARGET = 13.6;
				MTL_ENABLE_DEBUG_INFO = INCLUDE_SOURCE;
				MTL_FAST_MATH = YES;
				ONLY_ACTIVE_ARCH = YES;
				SDKROOT = iphoneos;
				SWIFT_ACTIVE_COMPILATION_CONDITIONS = DEBUG;
				SWIFT_OPTIMIZATION_LEVEL = "-Onone";
			};
			name = Debug;
		};
		AE48D4882583768400849002 /* Release */ = {
			isa = XCBuildConfiguration;
			buildSettings = {
				ALWAYS_SEARCH_USER_PATHS = NO;
				CLANG_ANALYZER_NONNULL = YES;
				CLANG_ANALYZER_NUMBER_OBJECT_CONVERSION = YES_AGGRESSIVE;
				CLANG_CXX_LANGUAGE_STANDARD = "gnu++14";
				CLANG_CXX_LIBRARY = "libc++";
				CLANG_ENABLE_MODULES = YES;
				CLANG_ENABLE_OBJC_ARC = YES;
				CLANG_ENABLE_OBJC_WEAK = YES;
				CLANG_WARN_BLOCK_CAPTURE_AUTORELEASING = YES;
				CLANG_WARN_BOOL_CONVERSION = YES;
				CLANG_WARN_COMMA = YES;
				CLANG_WARN_CONSTANT_CONVERSION = YES;
				CLANG_WARN_DEPRECATED_OBJC_IMPLEMENTATIONS = YES;
				CLANG_WARN_DIRECT_OBJC_ISA_USAGE = YES_ERROR;
				CLANG_WARN_DOCUMENTATION_COMMENTS = YES;
				CLANG_WARN_EMPTY_BODY = YES;
				CLANG_WARN_ENUM_CONVERSION = YES;
				CLANG_WARN_INFINITE_RECURSION = YES;
				CLANG_WARN_INT_CONVERSION = YES;
				CLANG_WARN_NON_LITERAL_NULL_CONVERSION = YES;
				CLANG_WARN_OBJC_IMPLICIT_RETAIN_SELF = YES;
				CLANG_WARN_OBJC_LITERAL_CONVERSION = YES;
				CLANG_WARN_OBJC_ROOT_CLASS = YES_ERROR;
				CLANG_WARN_RANGE_LOOP_ANALYSIS = YES;
				CLANG_WARN_STRICT_PROTOTYPES = YES;
				CLANG_WARN_SUSPICIOUS_MOVE = YES;
				CLANG_WARN_UNGUARDED_AVAILABILITY = YES_AGGRESSIVE;
				CLANG_WARN_UNREACHABLE_CODE = YES;
				CLANG_WARN__DUPLICATE_METHOD_MATCH = YES;
				COPY_PHASE_STRIP = NO;
				DEBUG_INFORMATION_FORMAT = "dwarf-with-dsym";
				ENABLE_NS_ASSERTIONS = NO;
				ENABLE_STRICT_OBJC_MSGSEND = YES;
				GCC_C_LANGUAGE_STANDARD = gnu11;
				GCC_NO_COMMON_BLOCKS = YES;
				GCC_WARN_64_TO_32_BIT_CONVERSION = YES;
				GCC_WARN_ABOUT_RETURN_TYPE = YES_ERROR;
				GCC_WARN_UNDECLARED_SELECTOR = YES;
				GCC_WARN_UNINITIALIZED_AUTOS = YES_AGGRESSIVE;
				GCC_WARN_UNUSED_FUNCTION = YES;
				GCC_WARN_UNUSED_VARIABLE = YES;
				IPHONEOS_DEPLOYMENT_TARGET = 13.6;
				MTL_ENABLE_DEBUG_INFO = NO;
				MTL_FAST_MATH = YES;
				SDKROOT = iphoneos;
				SWIFT_COMPILATION_MODE = wholemodule;
				SWIFT_OPTIMIZATION_LEVEL = "-O";
				VALIDATE_PRODUCT = YES;
			};
			name = Release;
		};
		AE48D48A2583768400849002 /* Debug */ = {
			isa = XCBuildConfiguration;
			baseConfigurationReference = A2BDB9D13003257D8286DAA2 /* Pods-Flickr Demo.debug.xcconfig */;
			buildSettings = {
				ASSETCATALOG_COMPILER_APPICON_NAME = AppIcon;
				CODE_SIGN_STYLE = Automatic;
				INFOPLIST_FILE = "Flickr Demo/Info.plist";
				IPHONEOS_DEPLOYMENT_TARGET = 11.0;
				LD_RUNPATH_SEARCH_PATHS = (
					"$(inherited)",
					"@executable_path/Frameworks",
				);
				PRODUCT_BUNDLE_IDENTIFIER = "com.flickrDemo.Flickr-Demo";
				PRODUCT_NAME = "$(TARGET_NAME)";
				SWIFT_VERSION = 5.0;
				TARGETED_DEVICE_FAMILY = "1,2";
			};
			name = Debug;
		};
		AE48D48B2583768400849002 /* Release */ = {
			isa = XCBuildConfiguration;
			baseConfigurationReference = 48282C273A5A610E0D9CC6B9 /* Pods-Flickr Demo.release.xcconfig */;
			buildSettings = {
				ASSETCATALOG_COMPILER_APPICON_NAME = AppIcon;
				CODE_SIGN_STYLE = Automatic;
				INFOPLIST_FILE = "Flickr Demo/Info.plist";
				IPHONEOS_DEPLOYMENT_TARGET = 11.0;
				LD_RUNPATH_SEARCH_PATHS = (
					"$(inherited)",
					"@executable_path/Frameworks",
				);
				PRODUCT_BUNDLE_IDENTIFIER = "com.flickrDemo.Flickr-Demo";
				PRODUCT_NAME = "$(TARGET_NAME)";
				SWIFT_VERSION = 5.0;
				TARGETED_DEVICE_FAMILY = "1,2";
			};
			name = Release;
		};
		AE48D48D2583768400849002 /* Debug */ = {
			isa = XCBuildConfiguration;
			baseConfigurationReference = 3E45A97B9EA505D91DE568AB /* Pods-Flickr DemoTests.debug.xcconfig */;
			buildSettings = {
				ALWAYS_EMBED_SWIFT_STANDARD_LIBRARIES = YES;
				BUNDLE_LOADER = "$(TEST_HOST)";
				CODE_SIGN_STYLE = Automatic;
				INFOPLIST_FILE = "Flickr DemoTests/Info.plist";
				IPHONEOS_DEPLOYMENT_TARGET = 13.6;
				LD_RUNPATH_SEARCH_PATHS = (
					"$(inherited)",
					"@executable_path/Frameworks",
					"@loader_path/Frameworks",
				);
				PRODUCT_BUNDLE_IDENTIFIER = "com.flickrDemo.Flickr-DemoTests";
				PRODUCT_NAME = "$(TARGET_NAME)";
				SWIFT_VERSION = 5.0;
				TARGETED_DEVICE_FAMILY = "1,2";
				TEST_HOST = "$(BUILT_PRODUCTS_DIR)/Flickr Demo.app/Flickr Demo";
			};
			name = Debug;
		};
		AE48D48E2583768400849002 /* Release */ = {
			isa = XCBuildConfiguration;
			baseConfigurationReference = D27EA391B841286C8B30D9CF /* Pods-Flickr DemoTests.release.xcconfig */;
			buildSettings = {
				ALWAYS_EMBED_SWIFT_STANDARD_LIBRARIES = YES;
				BUNDLE_LOADER = "$(TEST_HOST)";
				CODE_SIGN_STYLE = Automatic;
				INFOPLIST_FILE = "Flickr DemoTests/Info.plist";
				IPHONEOS_DEPLOYMENT_TARGET = 13.6;
				LD_RUNPATH_SEARCH_PATHS = (
					"$(inherited)",
					"@executable_path/Frameworks",
					"@loader_path/Frameworks",
				);
				PRODUCT_BUNDLE_IDENTIFIER = "com.flickrDemo.Flickr-DemoTests";
				PRODUCT_NAME = "$(TARGET_NAME)";
				SWIFT_VERSION = 5.0;
				TARGETED_DEVICE_FAMILY = "1,2";
				TEST_HOST = "$(BUILT_PRODUCTS_DIR)/Flickr Demo.app/Flickr Demo";
			};
			name = Release;
		};
/* End XCBuildConfiguration section */

/* Begin XCConfigurationList section */
		AE48D4652583768200849002 /* Build configuration list for PBXProject "Flickr Demo" */ = {
			isa = XCConfigurationList;
			buildConfigurations = (
				AE48D4872583768400849002 /* Debug */,
				AE48D4882583768400849002 /* Release */,
			);
			defaultConfigurationIsVisible = 0;
			defaultConfigurationName = Release;
		};
		AE48D4892583768400849002 /* Build configuration list for PBXNativeTarget "Flickr Demo" */ = {
			isa = XCConfigurationList;
			buildConfigurations = (
				AE48D48A2583768400849002 /* Debug */,
				AE48D48B2583768400849002 /* Release */,
			);
			defaultConfigurationIsVisible = 0;
			defaultConfigurationName = Release;
		};
		AE48D48C2583768400849002 /* Build configuration list for PBXNativeTarget "Flickr DemoTests" */ = {
			isa = XCConfigurationList;
			buildConfigurations = (
				AE48D48D2583768400849002 /* Debug */,
				AE48D48E2583768400849002 /* Release */,
			);
			defaultConfigurationIsVisible = 0;
			defaultConfigurationName = Release;
		};
/* End XCConfigurationList section */
	};
	rootObject = AE48D4622583768200849002 /* Project object */;
}
